
Microsoft Visual Studio Solution File, Format Version 12.00
# Visual Studio Version 16
VisualStudioVersion = 16.0.30309.148
MinimumVisualStudioVersion = 10.0.40219.1
Project("{FAE04EC0-301F-11D3-BF4B-00C04F79EFBC}") = "KCMSFood.Mobile.Android", "KCMSFood.Mobile\KCMSFood.Mobile.Android\KCMSFood.Mobile.Android.csproj", "{6C6A950F-E09B-450E-AE41-C6B848E31596}"
EndProject
Project("{FAE04EC0-301F-11D3-BF4B-00C04F79EFBC}") = "KCMSFood.Mobile.iOS", "KCMSFood.Mobile\KCMSFood.Mobile.iOS\KCMSFood.Mobile.iOS.csproj", "{E05ADCBA-8345-4927-8A2C-C2B3332C927C}"
EndProject
Project("{FAE04EC0-301F-11D3-BF4B-00C04F79EFBC}") = "KCMSFood.Mobile", "KCMSFood.Mobile\KCMSFood.Mobile\KCMSFood.Mobile.csproj", "{533D7DCB-9045-4E23-A0A8-B768A922AC62}"
EndProject
Global
	GlobalSection(SolutionConfigurationPlatforms) = preSolution
		Debug|Any CPU = Debug|Any CPU
		Debug|iPhone = Debug|iPhone
		Debug|iPhoneSimulator = Debug|iPhoneSimulator
		Release|Any CPU = Release|Any CPU
		Release|iPhone = Release|iPhone
		Release|iPhoneSimulator = Release|iPhoneSimulator
	EndGlobalSection
	GlobalSection(ProjectConfigurationPlatforms) = postSolution
		{6C6A950F-E09B-450E-AE41-C6B848E31596}.Debug|Any CPU.ActiveCfg = Debug|Any CPU
		{6C6A950F-E09B-450E-AE41-C6B848E31596}.Debug|Any CPU.Build.0 = Debug|Any CPU
		{6C6A950F-E09B-450E-AE41-C6B848E31596}.Debug|Any CPU.Deploy.0 = Debug|Any CPU
		{6C6A950F-E09B-450E-AE41-C6B848E31596}.Debug|iPhone.ActiveCfg = Debug|Any CPU
		{6C6A950F-E09B-450E-AE41-C6B848E31596}.Debug|iPhone.Build.0 = Debug|Any CPU
		{6C6A950F-E09B-450E-AE41-C6B848E31596}.Debug|iPhone.Deploy.0 = Debug|Any CPU
		{6C6A950F-E09B-450E-AE41-C6B848E31596}.Debug|iPhoneSimulator.ActiveCfg = Debug|Any CPU
		{6C6A950F-E09B-450E-AE41-C6B848E31596}.Debug|iPhoneSimulator.Build.0 = Debug|Any CPU
		{6C6A950F-E09B-450E-AE41-C6B848E31596}.Debug|iPhoneSimulator.Deploy.0 = Debug|Any CPU
		{6C6A950F-E09B-450E-AE41-C6B848E31596}.Release|Any CPU.ActiveCfg = Release|Any CPU
		{6C6A950F-E09B-450E-AE41-C6B848E31596}.Release|Any CPU.Build.0 = Release|Any CPU
		{6C6A950F-E09B-450E-AE41-C6B848E31596}.Release|Any CPU.Deploy.0 = Release|Any CPU
		{6C6A950F-E09B-450E-AE41-C6B848E31596}.Release|iPhone.ActiveCfg = Release|Any CPU
		{6C6A950F-E09B-450E-AE41-C6B848E31596}.Release|iPhone.Build.0 = Release|Any CPU
		{6C6A950F-E09B-450E-AE41-C6B848E31596}.Release|iPhone.Deploy.0 = Release|Any CPU
		{6C6A950F-E09B-450E-AE41-C6B848E31596}.Release|iPhoneSimulator.ActiveCfg = Release|Any CPU
		{6C6A950F-E09B-450E-AE41-C6B848E31596}.Release|iPhoneSimulator.Build.0 = Release|Any CPU
		{6C6A950F-E09B-450E-AE41-C6B848E31596}.Release|iPhoneSimulator.Deploy.0 = Release|Any CPU
		{E05ADCBA-8345-4927-8A2C-C2B3332C927C}.Debug|Any CPU.ActiveCfg = Debug|iPhone
		{E05ADCBA-8345-4927-8A2C-C2B3332C927C}.Debug|Any CPU.Build.0 = Debug|iPhone
		{E05ADCBA-8345-4927-8A2C-C2B3332C927C}.Debug|Any CPU.Deploy.0 = Debug|iPhone
		{E05ADCBA-8345-4927-8A2C-C2B3332C927C}.Debug|iPhone.ActiveCfg = Debug|iPhone
		{E05ADCBA-8345-4927-8A2C-C2B3332C927C}.Debug|iPhone.Build.0 = Debug|iPhone
		{E05ADCBA-8345-4927-8A2C-C2B3332C927C}.Debug|iPhone.Deploy.0 = Debug|iPhone
		{E05ADCBA-8345-4927-8A2C-C2B3332C927C}.Debug|iPhoneSimulator.ActiveCfg = Debug|iPhoneSimulator
		{E05ADCBA-8345-4927-8A2C-C2B3332C927C}.Debug|iPhoneSimulator.Build.0 = Debug|iPhoneSimulator
		{E05ADCBA-8345-4927-8A2C-C2B3332C927C}.Debug|iPhoneSimulator.Deploy.0 = Debug|iPhoneSimulator
		{E05ADCBA-8345-4927-8A2C-C2B3332C927C}.Release|Any CPU.ActiveCfg = Release|iPhone
		{E05ADCBA-8345-4927-8A2C-C2B3332C927C}.Release|Any CPU.Build.0 = Release|iPhone
		{E05ADCBA-8345-4927-8A2C-C2B3332C927C}.Release|Any CPU.Deploy.0 = Release|iPhone
		{E05ADCBA-8345-4927-8A2C-C2B3332C927C}.Release|iPhone.ActiveCfg = Release|iPhone
		{E05ADCBA-8345-4927-8A2C-C2B3332C927C}.Release|iPhone.Build.0 = Release|iPhone
		{E05ADCBA-8345-4927-8A2C-C2B3332C927C}.Release|iPhone.Deploy.0 = Release|iPhone
		{E05ADCBA-8345-4927-8A2C-C2B3332C927C}.Release|iPhoneSimulator.ActiveCfg = Release|iPhoneSimulator
		{E05ADCBA-8345-4927-8A2C-C2B3332C927C}.Release|iPhoneSimulator.Build.0 = Release|iPhoneSimulator
		{E05ADCBA-8345-4927-8A2C-C2B3332C927C}.Release|iPhoneSimulator.Deploy.0 = Release|iPhoneSimulator
		{533D7DCB-9045-4E23-A0A8-B768A922AC62}.Debug|Any CPU.ActiveCfg = Debug|Any CPU
		{533D7DCB-9045-4E23-A0A8-B768A922AC62}.Debug|Any CPU.Build.0 = Debug|Any CPU
		{533D7DCB-9045-4E23-A0A8-B768A922AC62}.Debug|Any CPU.Deploy.0 = Debug|Any CPU
		{533D7DCB-9045-4E23-A0A8-B768A922AC62}.Debug|iPhone.ActiveCfg = Debug|Any CPU
		{533D7DCB-9045-4E23-A0A8-B768A922AC62}.Debug|iPhone.Build.0 = Debug|Any CPU
		{533D7DCB-9045-4E23-A0A8-B768A922AC62}.Debug|iPhone.Deploy.0 = Debug|Any CPU
		{533D7DCB-9045-4E23-A0A8-B768A922AC62}.Debug|iPhoneSimulator.ActiveCfg = Debug|Any CPU
		{533D7DCB-9045-4E23-A0A8-B768A922AC62}.Debug|iPhoneSimulator.Build.0 = Debug|Any CPU
		{533D7DCB-9045-4E23-A0A8-B768A922AC62}.Debug|iPhoneSimulator.Deploy.0 = Debug|Any CPU
		{533D7DCB-9045-4E23-A0A8-B768A922AC62}.Release|Any CPU.ActiveCfg = Release|Any CPU
		{533D7DCB-9045-4E23-A0A8-B768A922AC62}.Release|Any CPU.Build.0 = Release|Any CPU
		{533D7DCB-9045-4E23-A0A8-B768A922AC62}.Release|Any CPU.Deploy.0 = Release|Any CPU
		{533D7DCB-9045-4E23-A0A8-B768A922AC62}.Release|iPhone.ActiveCfg = Release|Any CPU
		{533D7DCB-9045-4E23-A0A8-B768A922AC62}.Release|iPhone.Build.0 = Release|Any CPU
		{533D7DCB-9045-4E23-A0A8-B768A922AC62}.Release|iPhone.Deploy.0 = Release|Any CPU
		{533D7DCB-9045-4E23-A0A8-B768A922AC62}.Release|iPhoneSimulator.ActiveCfg = Release|Any CPU
		{533D7DCB-9045-4E23-A0A8-B768A922AC62}.Release|iPhoneSimulator.Build.0 = Release|Any CPU
		{533D7DCB-9045-4E23-A0A8-B768A922AC62}.Release|iPhoneSimulator.Deploy.0 = Release|Any CPU
	EndGlobalSection
	GlobalSection(SolutionProperties) = preSolution
		HideSolutionNode = FALSE
	EndGlobalSection
	GlobalSection(ExtensibilityGlobals) = postSolution
		SolutionGuid = {4B83E79C-CD3E-4DC2-A0EE-DB1895E30FEB}
	EndGlobalSection
EndGlobal
